// !$*UTF8*$!
{
	archiveVersion = 1;
	classes = {
	};
	objectVersion = 50;
	objects = {

/* Begin PBXBuildFile section */
		382DDCA5236D1FC2001EDA27 /* AppDelegate.swift in Sources */ = {isa = PBXBuildFile; fileRef = 382DDCA4236D1FC2001EDA27 /* AppDelegate.swift */; };
		382DDCA7236D1FC2001EDA27 /* GameScene.sks in Resources */ = {isa = PBXBuildFile; fileRef = 382DDCA6236D1FC2001EDA27 /* GameScene.sks */; };
		382DDCA9236D1FC2001EDA27 /* Actions.sks in Resources */ = {isa = PBXBuildFile; fileRef = 382DDCA8236D1FC2001EDA27 /* Actions.sks */; };
		382DDCAB236D1FC2001EDA27 /* GameScene.swift in Sources */ = {isa = PBXBuildFile; fileRef = 382DDCAA236D1FC2001EDA27 /* GameScene.swift */; };
		382DDCAD236D1FC2001EDA27 /* GameViewController.swift in Sources */ = {isa = PBXBuildFile; fileRef = 382DDCAC236D1FC2001EDA27 /* GameViewController.swift */; };
		382DDCB0236D1FC2001EDA27 /* Main.storyboard in Resources */ = {isa = PBXBuildFile; fileRef = 382DDCAE236D1FC2001EDA27 /* Main.storyboard */; };
		382DDCB2236D1FC6001EDA27 /* Assets.xcassets in Resources */ = {isa = PBXBuildFile; fileRef = 382DDCB1236D1FC6001EDA27 /* Assets.xcassets */; };
		382DDCB5236D1FC6001EDA27 /* LaunchScreen.storyboard in Resources */ = {isa = PBXBuildFile; fileRef = 382DDCB3236D1FC6001EDA27 /* LaunchScreen.storyboard */; };
/* End PBXBuildFile section */

/* Begin PBXFileReference section */
		382DDCA1236D1FC2001EDA27 /* drawcirclegame.app */ = {isa = PBXFileReference; explicitFileType = wrapper.application; includeInIndex = 0; path = drawcirclegame.app; sourceTree = BUILT_PRODUCTS_DIR; };
		382DDCA4236D1FC2001EDA27 /* AppDelegate.swift */ = {isa = PBXFileReference; lastKnownFileType = sourcecode.swift; path = AppDelegate.swift; sourceTree = "<group>"; };
		382DDCA6236D1FC2001EDA27 /* GameScene.sks */ = {isa = PBXFileReference; lastKnownFileType = file.sks; path = GameScene.sks; sourceTree = "<group>"; };
		382DDCA8236D1FC2001EDA27 /* Actions.sks */ = {isa = PBXFileReference; lastKnownFileType = file.sks; path = Actions.sks; sourceTree = "<group>"; };
		382DDCAA236D1FC2001EDA27 /* GameScene.swift */ = {isa = PBXFileReference; lastKnownFileType = sourcecode.swift; path = GameScene.swift; sourceTree = "<group>"; };
		382DDCAC236D1FC2001EDA27 /* GameViewController.swift */ = {isa = PBXFileReference; lastKnownFileType = sourcecode.swift; path = GameViewController.swift; sourceTree = "<group>"; };
		382DDCAF236D1FC2001EDA27 /* Base */ = {isa = PBXFileReference; lastKnownFileType = file.storyboard; name = Base; path = Base.lproj/Main.storyboard; sourceTree = "<group>"; };
		382DDCB1236D1FC6001EDA27 /* Assets.xcassets */ = {isa = PBXFileReference; lastKnownFileType = folder.assetcatalog; path = Assets.xcassets; sourceTree = "<group>"; };
		382DDCB4236D1FC6001EDA27 /* Base */ = {isa = PBXFileReference; lastKnownFileType = file.storyboard; name = Base; path = Base.lproj/LaunchScreen.storyboard; sourceTree = "<group>"; };
		382DDCB6236D1FC6001EDA27 /* Info.plist */ = {isa = PBXFileReference; lastKnownFileType = text.plist.xml; path = Info.plist; sourceTree = "<group>"; };
/* End PBXFileReference section */

/* Begin PBXFrameworksBuildPhase section */
		382DDC9E236D1FC2001EDA27 /* Frameworks */ = {
			isa = PBXFrameworksBuildPhase;
			buildActionMask = 2147483647;
			files = (
			);
			runOnlyForDeploymentPostprocessing = 0;
		};
/* End PBXFrameworksBuildPhase section */

/* Begin PBXGroup section */
		382DDC98236D1FC2001EDA27 = {
			isa = PBXGroup;
			children = (
				382DDCA3236D1FC2001EDA27 /* drawcirclegame */,
				382DDCA2236D1FC2001EDA27 /* Products */,
			);
			sourceTree = "<group>";
		};
		382DDCA2236D1FC2001EDA27 /* Products */ = {
			isa = PBXGroup;
			children = (
				382DDCA1236D1FC2001EDA27 /* drawcirclegame.app */,
			);
			name = Products;
			sourceTree = "<group>";
		};
		382DDCA3236D1FC2001EDA27 /* drawcirclegame */ = {
			isa = PBXGroup;
			children = (
				382DDCA4236D1FC2001EDA27 /* AppDelegate.swift */,
				382DDCA6236D1FC2001EDA27 /* GameScene.sks */,
				382DDCA8236D1FC2001EDA27 /* Actions.sks */,
				382DDCAA236D1FC2001EDA27 /* GameScene.swift */,
				382DDCAC236D1FC2001EDA27 /* GameViewController.swift */,
				382DDCAE236D1FC2001EDA27 /* Main.storyboard */,
				382DDCB1236D1FC6001EDA27 /* Assets.xcassets */,
				382DDCB3236D1FC6001EDA27 /* LaunchScreen.storyboard */,
				382DDCB6236D1FC6001EDA27 /* Info.plist */,
			);
			path = drawcirclegame;
			sourceTree = "<group>";
		};
/* End PBXGroup section */

/* Begin PBXNativeTarget section */
		382DDCA0236D1FC2001EDA27 /* drawcirclegame */ = {
			isa = PBXNativeTarget;
			buildConfigurationList = 382DDCB9236D1FC6001EDA27 /* Build configuration list for PBXNativeTarget "drawcirclegame" */;
			buildPhases = (
				382DDC9D236D1FC2001EDA27 /* Sources */,
				382DDC9E236D1FC2001EDA27 /* Frameworks */,
				382DDC9F236D1FC2001EDA27 /* Resources */,
			);
			buildRules = (
			);
			dependencies = (
			);
			name = drawcirclegame;
			productName = drawcirclegame;
			productReference = 382DDCA1236D1FC2001EDA27 /* drawcirclegame.app */;
			productType = "com.apple.product-type.application";
		};
/* End PBXNativeTarget section */

/* Begin PBXProject section */
		382DDC99236D1FC2001EDA27 /* Project object */ = {
			isa = PBXProject;
			attributes = {
				LastSwiftUpdateCheck = 1110;
				LastUpgradeCheck = 1110;
				ORGANIZATIONNAME = "manogna podishetty";
				TargetAttributes = {
					382DDCA0236D1FC2001EDA27 = {
						CreatedOnToolsVersion = 11.1;
					};
				};
			};
			buildConfigurationList = 382DDC9C236D1FC2001EDA27 /* Build configuration list for PBXProject "drawcirclegame" */;
			compatibilityVersion = "Xcode 9.3";
			developmentRegion = en;
			hasScannedForEncodings = 0;
			knownRegions = (
				en,
				Base,
			);
			mainGroup = 382DDC98236D1FC2001EDA27;
			productRefGroup = 382DDCA2236D1FC2001EDA27 /* Products */;
			projectDirPath = "";
			projectRoot = "";
			targets = (
				382DDCA0236D1FC2001EDA27 /* drawcirclegame */,
			);
		};
/* End PBXProject section */

/* Begin PBXResourcesBuildPhase section */
		382DDC9F236D1FC2001EDA27 /* Resources */ = {
			isa = PBXResourcesBuildPhase;
			buildActionMask = 2147483647;
			files = (
				382DDCB0236D1FC2001EDA27 /* Main.storyboard in Resources */,
				382DDCA7236D1FC2001EDA27 /* GameScene.sks in Resources */,
				382DDCB2236D1FC6001EDA27 /* Assets.xcassets in Resources */,
				382DDCB5236D1FC6001EDA27 /* LaunchScreen.storyboard in Resources */,
				382DDCA9236D1FC2001EDA27 /* Actions.sks in Resources */,
			);
			runOnlyForDeploymentPostprocessing = 0;
		};
/* End PBXResourcesBuildPhase section */

/* Begin PBXSourcesBuildPhase section */
		382DDC9D236D1FC2001EDA27 /* Sources */ = {
			isa = PBXSourcesBuildPhase;
			buildActionMask = 2147483647;
			files = (
				382DDCAB236D1FC2001EDA27 /* GameScene.swift in Sources */,
				382DDCAD236D1FC2001EDA27 /* GameViewController.swift in Sources */,
				382DDCA5236D1FC2001EDA27 /* AppDelegate.swift in Sources */,
			);
			runOnlyForDeploymentPostprocessing = 0;
		};
/* End PBXSourcesBuildPhase section */

/* Begin PBXVariantGroup section */
		382DDCAE236D1FC2001EDA27 /* Main.storyboard */ = {
			isa = PBXVariantGroup;
			children = (
				382DDCAF236D1FC2001EDA27 /* Base */,
			);
			name = Main.storyboard;
			sourceTree = "<group>";
		};
		382DDCB3236D1FC6001EDA27 /* LaunchScreen.storyboard */ = {
			isa = PBXVariantGroup;
			children = (
				382DDCB4236D1FC6001EDA27 /* Base */,
			);
			name = LaunchScreen.storyboard;
			sourceTree = "<group>";
		};
/* End PBXVariantGroup section */

/* Begin XCBuildConfiguration section */
		382DDCB7236D1FC6001EDA27 /* Debug */ = {
			isa = XCBuildConfiguration;
			buildSettings = {
				ALWAYS_SEARCH_USER_PATHS = NO;
				CLANG_ANALYZER_NONNULL = YES;
				CLANG_ANALYZER_NUMBER_OBJECT_CONVERSION = YES_AGGRESSIVE;
				CLANG_CXX_LANGUAGE_STANDARD = "gnu++14";
				CLANG_CXX_LIBRARY = "libc++";
				CLANG_ENABLE_MODULES = YES;
				CLANG_ENABLE_OBJC_ARC = YES;
				CLANG_ENABLE_OBJC_WEAK = YES;
				CLANG_WARN_BLOCK_CAPTURE_AUTORELEASING = YES;
				CLANG_WARN_BOOL_CONVERSION = YES;
				CLANG_WARN_COMMA = YES;
				CLANG_WARN_CONSTANT_CONVERSION = YES;
				CLANG_WARN_DEPRECATED_OBJC_IMPLEMENTATIONS = YES;
				CLANG_WARN_DIRECT_OBJC_ISA_USAGE = YES_ERROR;
				CLANG_WARN_DOCUMENTATION_COMMENTS = YES;
				CLANG_WARN_EMPTY_BODY = YES;
				CLANG_WARN_ENUM_CONVERSION = YES;
				CLANG_WARN_INFINITE_RECURSION = YES;
				CLANG_WARN_INT_CONVERSION = YES;
				CLANG_WARN_NON_LITERAL_NULL_CONVERSION = YES;
				CLANG_WARN_OBJC_IMPLICIT_RETAIN_SELF = YES;
				CLANG_WARN_OBJC_LITERAL_CONVERSION = YES;
				CLANG_WARN_OBJC_ROOT_CLASS = YES_ERROR;
				CLANG_WARN_RANGE_LOOP_ANALYSIS = YES;
				CLANG_WARN_STRICT_PROTOTYPES = YES;
				CLANG_WARN_SUSPICIOUS_MOVE = YES;
				CLANG_WARN_UNGUARDED_AVAILABILITY = YES_AGGRESSIVE;
				CLANG_WARN_UNREACHABLE_CODE = YES;
				CLANG_WARN__DUPLICATE_METHOD_MATCH = YES;
				COPY_PHASE_STRIP = NO;
				DEBUG_INFORMATION_FORMAT = dwarf;
				ENABLE_STRICT_OBJC_MSGSEND = YES;
				ENABLE_TESTABILITY = YES;
				GCC_C_LANGUAGE_STANDARD = gnu11;
				GCC_DYNAMIC_NO_PIC = NO;
				GCC_NO_COMMON_BLOCKS = YES;
				GCC_OPTIMIZATION_LEVEL = 0;
				GCC_PREPROCESSOR_DEFINITIONS = (
					"DEBUG=1",
					"$(inherited)",
				);
				GCC_WARN_64_TO_32_BIT_CONVERSION = YES;
				GCC_WARN_ABOUT_RETURN_TYPE = YES_ERROR;
				GCC_WARN_UNDECLARED_SELECTOR = YES;
				GCC_WARN_UNINITIALIZED_AUTOS = YES_AGGRESSIVE;
				GCC_WARN_UNUSED_FUNCTION = YES;
				GCC_WARN_UNUSED_VARIABLE = YES;
				IPHONEOS_DEPLOYMENT_TARGET = 13.1;
				MTL_ENABLE_DEBUG_INFO = INCLUDE_SOURCE;
				MTL_FAST_MATH = YES;
				ONLY_ACTIVE_ARCH = YES;
				SDKROOT = iphoneos;
				SWIFT_ACTIVE_COMPILATION_CONDITIONS = DEBUG;
				SWIFT_OPTIMIZATION_LEVEL = "-Onone";
			};
			name = Debug;
		};
		382DDCB8236D1FC6001EDA27 /* Release */ = {
			isa = XCBuildConfiguration;
			buildSettings = {
				ALWAYS_SEARCH_USER_PATHS = NO;
				CLANG_ANALYZER_NONNULL = YES;
				CLANG_ANALYZER_NUMBER_OBJECT_CONVERSION = YES_AGGRESSIVE;
				CLANG_CXX_LANGUAGE_STANDARD = "gnu++14";
				CLANG_CXX_LIBRARY = "libc++";
				CLANG_ENABLE_MODULES = YES;
				CLANG_ENABLE_OBJC_ARC = YES;
				CLANG_ENABLE_OBJC_WEAK = YES;
				CLANG_WARN_BLOCK_CAPTURE_AUTORELEASING = YES;
				CLANG_WARN_BOOL_CONVERSION = YES;
				CLANG_WARN_COMMA = YES;
				CLANG_WARN_CONSTANT_CONVERSION = YES;
				CLANG_WARN_DEPRECATED_OBJC_IMPLEMENTATIONS = YES;
				CLANG_WARN_DIRECT_OBJC_ISA_USAGE = YES_ERROR;
				CLANG_WARN_DOCUMENTATION_COMMENTS = YES;
				CLANG_WARN_EMPTY_BODY = YES;
				CLANG_WARN_ENUM_CONVERSION = YES;
				CLANG_WARN_INFINITE_RECURSION = YES;
				CLANG_WARN_INT_CONVERSION = YES;
				CLANG_WARN_NON_LITERAL_NULL_CONVERSION = YES;
				CLANG_WARN_OBJC_IMPLICIT_RETAIN_SELF = YES;
				CLANG_WARN_OBJC_LITERAL_CONVERSION = YES;
				CLANG_WARN_OBJC_ROOT_CLASS = YES_ERROR;
				CLANG_WARN_RANGE_LOOP_ANALYSIS = YES;
				CLANG_WARN_STRICT_PROTOTYPES = YES;
				CLANG_WARN_SUSPICIOUS_MOVE = YES;
				CLANG_WARN_UNGUARDED_AVAILABILITY = YES_AGGRESSIVE;
				CLANG_WARN_UNREACHABLE_CODE = YES;
				CLANG_WARN__DUPLICATE_METHOD_MATCH = YES;
				COPY_PHASE_STRIP = NO;
				DEBUG_INFORMATION_FORMAT = "dwarf-with-dsym";
				ENABLE_NS_ASSERTIONS = NO;
				ENABLE_STRICT_OBJC_MSGSEND = YES;
				GCC_C_LANGUAGE_STANDARD = gnu11;
				GCC_NO_COMMON_BLOCKS = YES;
				GCC_WARN_64_TO_32_BIT_CONVERSION = YES;
				GCC_WARN_ABOUT_RETURN_TYPE = YES_ERROR;
				GCC_WARN_UNDECLARED_SELECTOR = YES;
				GCC_WARN_UNINITIALIZED_AUTOS = YES_AGGRESSIVE;
				GCC_WARN_UNUSED_FUNCTION = YES;
				GCC_WARN_UNUSED_VARIABLE = YES;
				IPHONEOS_DEPLOYMENT_TARGET = 13.1;
				MTL_ENABLE_DEBUG_INFO = NO;
				MTL_FAST_MATH = YES;
				SDKROOT = iphoneos;
				SWIFT_COMPILATION_MODE = wholemodule;
				SWIFT_OPTIMIZATION_LEVEL = "-O";
				VALIDATE_PRODUCT = YES;
			};
			name = Release;
		};
		382DDCBA236D1FC6001EDA27 /* Debug */ = {
			isa = XCBuildConfiguration;
			buildSettings = {
				ASSETCATALOG_COMPILER_APPICON_NAME = AppIcon;
				CODE_SIGN_STYLE = Automatic;
				INFOPLIST_FILE = drawcirclegame/Info.plist;
				LD_RUNPATH_SEARCH_PATHS = (
					"$(inherited)",
					"@executable_path/Frameworks",
				);
				PRODUCT_BUNDLE_IDENTIFIER = "manogna-Podishetty.drawcirclegame";
				PRODUCT_NAME = "$(TARGET_NAME)";
				SWIFT_VERSION = 5.0;
				TARGETED_DEVICE_FAMILY = "1,2";
			};
			name = Debug;
		};
		382DDCBB236D1FC6001EDA27 /* Release */ = {
			isa = XCBuildConfiguration;
			buildSettings = {
				ASSETCATALOG_COMPILER_APPICON_NAME = AppIcon;
				CODE_SIGN_STYLE = Automatic;
				INFOPLIST_FILE = drawcirclegame/Info.plist;
				LD_RUNPATH_SEARCH_PATHS = (
					"$(inherited)",
					"@executable_path/Frameworks",
				);
				PRODUCT_BUNDLE_IDENTIFIER = "manogna-Podishetty.drawcirclegame";
				PRODUCT_NAME = "$(TARGET_NAME)";
				SWIFT_VERSION = 5.0;
				TARGETED_DEVICE_FAMILY = "1,2";
			};
			name = Release;
		};
/* End XCBuildConfiguration section */

/* Begin XCConfigurationList section */
		382DDC9C236D1FC2001EDA27 /* Build configuration list for PBXProject "drawcirclegame" */ = {
			isa = XCConfigurationList;
			buildConfigurations = (
				382DDCB7236D1FC6001EDA27 /* Debug */,
				382DDCB8236D1FC6001EDA27 /* Release */,
			);
			defaultConfigurationIsVisible = 0;
			defaultConfigurationName = Release;
		};
		382DDCB9236D1FC6001EDA27 /* Build configuration list for PBXNativeTarget "drawcirclegame" */ = {
			isa = XCConfigurationList;
			buildConfigurations = (
				382DDCBA236D1FC6001EDA27 /* Debug */,
				382DDCBB236D1FC6001EDA27 /* Release */,
			);
			defaultConfigurationIsVisible = 0;
			defaultConfigurationName = Release;
		};
/* End XCConfigurationList section */
	};
	rootObject = 382DDC99236D1FC2001EDA27 /* Project object */;
}
