// !$*UTF8*$!
{
	archiveVersion = 1;
	classes = {
	};
	objectVersion = 50;
	objects = {

/* Begin PBXBuildFile section */
		3806CC4323A74852007CDF23 /* UtilView.swift in Sources */ = {isa = PBXBuildFile; fileRef = 3806CC4223A74852007CDF23 /* UtilView.swift */; };
		387309E823A9F56100789565 /* README.md in Resources */ = {isa = PBXBuildFile; fileRef = 387309E723A9F56100789565 /* README.md */; };
		38E8D7972397844B00BB2FCD /* AppDelegate.swift in Sources */ = {isa = PBXBuildFile; fileRef = 38E8D7962397844B00BB2FCD /* AppDelegate.swift */; };
		38E8D7992397844B00BB2FCD /* SceneDelegate.swift in Sources */ = {isa = PBXBuildFile; fileRef = 38E8D7982397844B00BB2FCD /* SceneDelegate.swift */; };
		38E8D79C2397844B00BB2FCD /* GoHeadlines.xcdatamodeld in Sources */ = {isa = PBXBuildFile; fileRef = 38E8D79A2397844B00BB2FCD /* GoHeadlines.xcdatamodeld */; };
		38E8D79E2397844B00BB2FCD /* ContentView.swift in Sources */ = {isa = PBXBuildFile; fileRef = 38E8D79D2397844B00BB2FCD /* ContentView.swift */; };
		38E8D7A02397844C00BB2FCD /* Assets.xcassets in Resources */ = {isa = PBXBuildFile; fileRef = 38E8D79F2397844C00BB2FCD /* Assets.xcassets */; };
		38E8D7A32397844C00BB2FCD /* Preview Assets.xcassets in Resources */ = {isa = PBXBuildFile; fileRef = 38E8D7A22397844C00BB2FCD /* Preview Assets.xcassets */; };
		38E8D7A62397844C00BB2FCD /* LaunchScreen.storyboard in Resources */ = {isa = PBXBuildFile; fileRef = 38E8D7A42397844C00BB2FCD /* LaunchScreen.storyboard */; };
		38E8D7AF23978B5E00BB2FCD /* Pojo.swift in Sources */ = {isa = PBXBuildFile; fileRef = 38E8D7AE23978B5E00BB2FCD /* Pojo.swift */; };
		38E8D7B12398D05100BB2FCD /* NewsApi.swift in Sources */ = {isa = PBXBuildFile; fileRef = 38E8D7B02398D05100BB2FCD /* NewsApi.swift */; };
		38E8D7B42398D59400BB2FCD /* SettingView.swift in Sources */ = {isa = PBXBuildFile; fileRef = 38E8D7B32398D59400BB2FCD /* SettingView.swift */; };
		38E8D7BF23A0A6CB00BB2FCD /* SourcesEntity+CoreDataClass.swift in Sources */ = {isa = PBXBuildFile; fileRef = 38E8D7B523A0A6CB00BB2FCD /* SourcesEntity+CoreDataClass.swift */; };
		38E8D7C023A0A6CB00BB2FCD /* SourcesEntity+CoreDataProperties.swift in Sources */ = {isa = PBXBuildFile; fileRef = 38E8D7B623A0A6CB00BB2FCD /* SourcesEntity+CoreDataProperties.swift */; };
		38E8D7C123A0A6CB00BB2FCD /* ArticleEntity+CoreDataClass.swift in Sources */ = {isa = PBXBuildFile; fileRef = 38E8D7B723A0A6CB00BB2FCD /* ArticleEntity+CoreDataClass.swift */; };
		38E8D7C223A0A6CB00BB2FCD /* ArticleEntity+CoreDataProperties.swift in Sources */ = {isa = PBXBuildFile; fileRef = 38E8D7B823A0A6CB00BB2FCD /* ArticleEntity+CoreDataProperties.swift */; };
		38E8D7C323A0A6CB00BB2FCD /* SourceElementEntity+CoreDataClass.swift in Sources */ = {isa = PBXBuildFile; fileRef = 38E8D7B923A0A6CB00BB2FCD /* SourceElementEntity+CoreDataClass.swift */; };
		38E8D7C423A0A6CB00BB2FCD /* SourceElementEntity+CoreDataProperties.swift in Sources */ = {isa = PBXBuildFile; fileRef = 38E8D7BA23A0A6CB00BB2FCD /* SourceElementEntity+CoreDataProperties.swift */; };
		38E8D7C523A0A6CB00BB2FCD /* SourceEntity+CoreDataClass.swift in Sources */ = {isa = PBXBuildFile; fileRef = 38E8D7BB23A0A6CB00BB2FCD /* SourceEntity+CoreDataClass.swift */; };
		38E8D7C623A0A6CB00BB2FCD /* SourceEntity+CoreDataProperties.swift in Sources */ = {isa = PBXBuildFile; fileRef = 38E8D7BC23A0A6CB00BB2FCD /* SourceEntity+CoreDataProperties.swift */; };
		38E8D7C723A0A6CB00BB2FCD /* NewStoriesEntity+CoreDataClass.swift in Sources */ = {isa = PBXBuildFile; fileRef = 38E8D7BD23A0A6CB00BB2FCD /* NewStoriesEntity+CoreDataClass.swift */; };
		38E8D7C823A0A6CB00BB2FCD /* NewStoriesEntity+CoreDataProperties.swift in Sources */ = {isa = PBXBuildFile; fileRef = 38E8D7BE23A0A6CB00BB2FCD /* NewStoriesEntity+CoreDataProperties.swift */; };
		38E8D7CA23A0A89F00BB2FCD /* StoryNav.swift in Sources */ = {isa = PBXBuildFile; fileRef = 38E8D7C923A0A89F00BB2FCD /* StoryNav.swift */; };
		38E8D7CC23A0B5FC00BB2FCD /* StoryView.swift in Sources */ = {isa = PBXBuildFile; fileRef = 38E8D7CB23A0B5FC00BB2FCD /* StoryView.swift */; };
		38E8D7CF23A0BBEB00BB2FCD /* SettingEntity+CoreDataClass.swift in Sources */ = {isa = PBXBuildFile; fileRef = 38E8D7CD23A0BBEB00BB2FCD /* SettingEntity+CoreDataClass.swift */; };
		38E8D7D023A0BBEB00BB2FCD /* SettingEntity+CoreDataProperties.swift in Sources */ = {isa = PBXBuildFile; fileRef = 38E8D7CE23A0BBEB00BB2FCD /* SettingEntity+CoreDataProperties.swift */; };
/* End PBXBuildFile section */

/* Begin PBXFileReference section */
		3806CC4223A74852007CDF23 /* UtilView.swift */ = {isa = PBXFileReference; lastKnownFileType = sourcecode.swift; path = UtilView.swift; sourceTree = "<group>"; };
		387309E723A9F56100789565 /* README.md */ = {isa = PBXFileReference; lastKnownFileType = net.daringfireball.markdown; path = README.md; sourceTree = "<group>"; };
		38E8D7932397844B00BB2FCD /* GoHeadlines.app */ = {isa = PBXFileReference; explicitFileType = wrapper.application; includeInIndex = 0; path = GoHeadlines.app; sourceTree = BUILT_PRODUCTS_DIR; };
		38E8D7962397844B00BB2FCD /* AppDelegate.swift */ = {isa = PBXFileReference; lastKnownFileType = sourcecode.swift; path = AppDelegate.swift; sourceTree = "<group>"; };
		38E8D7982397844B00BB2FCD /* SceneDelegate.swift */ = {isa = PBXFileReference; lastKnownFileType = sourcecode.swift; path = SceneDelegate.swift; sourceTree = "<group>"; };
		38E8D79B2397844B00BB2FCD /* GoHeadlines.xcdatamodel */ = {isa = PBXFileReference; lastKnownFileType = wrapper.xcdatamodel; path = GoHeadlines.xcdatamodel; sourceTree = "<group>"; };
		38E8D79D2397844B00BB2FCD /* ContentView.swift */ = {isa = PBXFileReference; lastKnownFileType = sourcecode.swift; path = ContentView.swift; sourceTree = "<group>"; };
		38E8D79F2397844C00BB2FCD /* Assets.xcassets */ = {isa = PBXFileReference; lastKnownFileType = folder.assetcatalog; path = Assets.xcassets; sourceTree = "<group>"; };
		38E8D7A22397844C00BB2FCD /* Preview Assets.xcassets */ = {isa = PBXFileReference; lastKnownFileType = folder.assetcatalog; path = "Preview Assets.xcassets"; sourceTree = "<group>"; };
		38E8D7A52397844C00BB2FCD /* Base */ = {isa = PBXFileReference; lastKnownFileType = file.storyboard; name = Base; path = Base.lproj/LaunchScreen.storyboard; sourceTree = "<group>"; };
		38E8D7A72397844C00BB2FCD /* Info.plist */ = {isa = PBXFileReference; lastKnownFileType = text.plist.xml; path = Info.plist; sourceTree = "<group>"; };
		38E8D7AE23978B5E00BB2FCD /* Pojo.swift */ = {isa = PBXFileReference; lastKnownFileType = sourcecode.swift; path = Pojo.swift; sourceTree = "<group>"; };
		38E8D7B02398D05100BB2FCD /* NewsApi.swift */ = {isa = PBXFileReference; lastKnownFileType = sourcecode.swift; path = NewsApi.swift; sourceTree = "<group>"; };
		38E8D7B32398D59400BB2FCD /* SettingView.swift */ = {isa = PBXFileReference; lastKnownFileType = sourcecode.swift; path = SettingView.swift; sourceTree = "<group>"; };
		38E8D7B523A0A6CB00BB2FCD /* SourcesEntity+CoreDataClass.swift */ = {isa = PBXFileReference; lastKnownFileType = sourcecode.swift; name = "SourcesEntity+CoreDataClass.swift"; path = "GoHeadlines/Pojo/DataEntities/SourcesEntity+CoreDataClass.swift"; sourceTree = SOURCE_ROOT; };
		38E8D7B623A0A6CB00BB2FCD /* SourcesEntity+CoreDataProperties.swift */ = {isa = PBXFileReference; lastKnownFileType = sourcecode.swift; name = "SourcesEntity+CoreDataProperties.swift"; path = "GoHeadlines/Pojo/DataEntities/SourcesEntity+CoreDataProperties.swift"; sourceTree = SOURCE_ROOT; };
		38E8D7B723A0A6CB00BB2FCD /* ArticleEntity+CoreDataClass.swift */ = {isa = PBXFileReference; lastKnownFileType = sourcecode.swift; name = "ArticleEntity+CoreDataClass.swift"; path = "GoHeadlines/Pojo/DataEntities/ArticleEntity+CoreDataClass.swift"; sourceTree = SOURCE_ROOT; };
		38E8D7B823A0A6CB00BB2FCD /* ArticleEntity+CoreDataProperties.swift */ = {isa = PBXFileReference; lastKnownFileType = sourcecode.swift; name = "ArticleEntity+CoreDataProperties.swift"; path = "GoHeadlines/Pojo/DataEntities/ArticleEntity+CoreDataProperties.swift"; sourceTree = SOURCE_ROOT; };
		38E8D7B923A0A6CB00BB2FCD /* SourceElementEntity+CoreDataClass.swift */ = {isa = PBXFileReference; lastKnownFileType = sourcecode.swift; name = "SourceElementEntity+CoreDataClass.swift"; path = "GoHeadlines/Pojo/DataEntities/SourceElementEntity+CoreDataClass.swift"; sourceTree = SOURCE_ROOT; };
		38E8D7BA23A0A6CB00BB2FCD /* SourceElementEntity+CoreDataProperties.swift */ = {isa = PBXFileReference; lastKnownFileType = sourcecode.swift; name = "SourceElementEntity+CoreDataProperties.swift"; path = "GoHeadlines/Pojo/DataEntities/SourceElementEntity+CoreDataProperties.swift"; sourceTree = SOURCE_ROOT; };
		38E8D7BB23A0A6CB00BB2FCD /* SourceEntity+CoreDataClass.swift */ = {isa = PBXFileReference; lastKnownFileType = sourcecode.swift; name = "SourceEntity+CoreDataClass.swift"; path = "GoHeadlines/Pojo/DataEntities/SourceEntity+CoreDataClass.swift"; sourceTree = SOURCE_ROOT; };
		38E8D7BC23A0A6CB00BB2FCD /* SourceEntity+CoreDataProperties.swift */ = {isa = PBXFileReference; lastKnownFileType = sourcecode.swift; name = "SourceEntity+CoreDataProperties.swift"; path = "GoHeadlines/Pojo/DataEntities/SourceEntity+CoreDataProperties.swift"; sourceTree = SOURCE_ROOT; };
		38E8D7BD23A0A6CB00BB2FCD /* NewStoriesEntity+CoreDataClass.swift */ = {isa = PBXFileReference; lastKnownFileType = sourcecode.swift; name = "NewStoriesEntity+CoreDataClass.swift"; path = "GoHeadlines/Pojo/DataEntities/NewStoriesEntity+CoreDataClass.swift"; sourceTree = SOURCE_ROOT; };
		38E8D7BE23A0A6CB00BB2FCD /* NewStoriesEntity+CoreDataProperties.swift */ = {isa = PBXFileReference; lastKnownFileType = sourcecode.swift; name = "NewStoriesEntity+CoreDataProperties.swift"; path = "GoHeadlines/Pojo/DataEntities/NewStoriesEntity+CoreDataProperties.swift"; sourceTree = SOURCE_ROOT; };
		38E8D7C923A0A89F00BB2FCD /* StoryNav.swift */ = {isa = PBXFileReference; lastKnownFileType = sourcecode.swift; path = StoryNav.swift; sourceTree = "<group>"; };
		38E8D7CB23A0B5FC00BB2FCD /* StoryView.swift */ = {isa = PBXFileReference; lastKnownFileType = sourcecode.swift; path = StoryView.swift; sourceTree = "<group>"; };
		38E8D7CD23A0BBEB00BB2FCD /* SettingEntity+CoreDataClass.swift */ = {isa = PBXFileReference; lastKnownFileType = sourcecode.swift; name = "SettingEntity+CoreDataClass.swift"; path = "GoHeadlines/Pojo/DataEntities/SettingEntity+CoreDataClass.swift"; sourceTree = SOURCE_ROOT; };
		38E8D7CE23A0BBEB00BB2FCD /* SettingEntity+CoreDataProperties.swift */ = {isa = PBXFileReference; lastKnownFileType = sourcecode.swift; name = "SettingEntity+CoreDataProperties.swift"; path = "GoHeadlines/Pojo/DataEntities/SettingEntity+CoreDataProperties.swift"; sourceTree = SOURCE_ROOT; };
/* End PBXFileReference section */

/* Begin PBXFrameworksBuildPhase section */
		38E8D7902397844B00BB2FCD /* Frameworks */ = {
			isa = PBXFrameworksBuildPhase;
			buildActionMask = 2147483647;
			files = (
			);
			runOnlyForDeploymentPostprocessing = 0;
		};
/* End PBXFrameworksBuildPhase section */

/* Begin PBXGroup section */
		38E8D78A2397844B00BB2FCD = {
			isa = PBXGroup;
			children = (
				38E8D7952397844B00BB2FCD /* GoHeadlines */,
				38E8D7942397844B00BB2FCD /* Products */,
			);
			sourceTree = "<group>";
		};
		38E8D7942397844B00BB2FCD /* Products */ = {
			isa = PBXGroup;
			children = (
				38E8D7932397844B00BB2FCD /* GoHeadlines.app */,
			);
			name = Products;
			sourceTree = "<group>";
		};
		38E8D7952397844B00BB2FCD /* GoHeadlines */ = {
			isa = PBXGroup;
			children = (
				38E8D7B22398D57200BB2FCD /* Views */,
				38E8D7AD23978B4400BB2FCD /* Pojo */,
				38E8D7962397844B00BB2FCD /* AppDelegate.swift */,
				38E8D7982397844B00BB2FCD /* SceneDelegate.swift */,
				38E8D79D2397844B00BB2FCD /* ContentView.swift */,
				38E8D79F2397844C00BB2FCD /* Assets.xcassets */,
				38E8D7A42397844C00BB2FCD /* LaunchScreen.storyboard */,
				38E8D7A72397844C00BB2FCD /* Info.plist */,
				38E8D79A2397844B00BB2FCD /* GoHeadlines.xcdatamodeld */,
				38E8D7A12397844C00BB2FCD /* Preview Content */,
				387309E723A9F56100789565 /* README.md */,
			);
			path = GoHeadlines;
			sourceTree = "<group>";
		};
		38E8D7A12397844C00BB2FCD /* Preview Content */ = {
			isa = PBXGroup;
			children = (
				38E8D7A22397844C00BB2FCD /* Preview Assets.xcassets */,
			);
			path = "Preview Content";
			sourceTree = "<group>";
		};
		38E8D7AD23978B4400BB2FCD /* Pojo */ = {
			isa = PBXGroup;
			children = (
				38E8D7D323A0CA4C00BB2FCD /* DataEntities */,
				38E8D7AE23978B5E00BB2FCD /* Pojo.swift */,
				38E8D7B02398D05100BB2FCD /* NewsApi.swift */,
			);
			path = Pojo;
			sourceTree = "<group>";
		};
		38E8D7B22398D57200BB2FCD /* Views */ = {
			isa = PBXGroup;
			children = (
				38E8D7B32398D59400BB2FCD /* SettingView.swift */,
				38E8D7C923A0A89F00BB2FCD /* StoryNav.swift */,
				38E8D7CB23A0B5FC00BB2FCD /* StoryView.swift */,
				3806CC4223A74852007CDF23 /* UtilView.swift */,
			);
			path = Views;
			sourceTree = "<group>";
		};
		38E8D7D323A0CA4C00BB2FCD /* DataEntities */ = {
			isa = PBXGroup;
			children = (
				38E8D7CD23A0BBEB00BB2FCD /* SettingEntity+CoreDataClass.swift */,
				38E8D7CE23A0BBEB00BB2FCD /* SettingEntity+CoreDataProperties.swift */,
				38E8D7B523A0A6CB00BB2FCD /* SourcesEntity+CoreDataClass.swift */,
				38E8D7B623A0A6CB00BB2FCD /* SourcesEntity+CoreDataProperties.swift */,
				38E8D7B723A0A6CB00BB2FCD /* ArticleEntity+CoreDataClass.swift */,
				38E8D7B823A0A6CB00BB2FCD /* ArticleEntity+CoreDataProperties.swift */,
				38E8D7B923A0A6CB00BB2FCD /* SourceElementEntity+CoreDataClass.swift */,
				38E8D7BA23A0A6CB00BB2FCD /* SourceElementEntity+CoreDataProperties.swift */,
				38E8D7BB23A0A6CB00BB2FCD /* SourceEntity+CoreDataClass.swift */,
				38E8D7BC23A0A6CB00BB2FCD /* SourceEntity+CoreDataProperties.swift */,
				38E8D7BD23A0A6CB00BB2FCD /* NewStoriesEntity+CoreDataClass.swift */,
				38E8D7BE23A0A6CB00BB2FCD /* NewStoriesEntity+CoreDataProperties.swift */,
			);
			path = DataEntities;
			sourceTree = "<group>";
		};
/* End PBXGroup section */

/* Begin PBXNativeTarget section */
		38E8D7922397844B00BB2FCD /* GoHeadlines */ = {
			isa = PBXNativeTarget;
			buildConfigurationList = 38E8D7AA2397844C00BB2FCD /* Build configuration list for PBXNativeTarget "GoHeadlines" */;
			buildPhases = (
				38E8D78F2397844B00BB2FCD /* Sources */,
				38E8D7902397844B00BB2FCD /* Frameworks */,
				38E8D7912397844B00BB2FCD /* Resources */,
			);
			buildRules = (
			);
			dependencies = (
			);
			name = GoHeadlines;
			productName = GoHeadlines;
			productReference = 38E8D7932397844B00BB2FCD /* GoHeadlines.app */;
			productType = "com.apple.product-type.application";
		};
/* End PBXNativeTarget section */

/* Begin PBXProject section */
		38E8D78B2397844B00BB2FCD /* Project object */ = {
			isa = PBXProject;
			attributes = {
				LastSwiftUpdateCheck = 1120;
				LastUpgradeCheck = 1120;
				ORGANIZATIONNAME = "Manogna podishetty";
				TargetAttributes = {
					38E8D7922397844B00BB2FCD = {
						CreatedOnToolsVersion = 11.2;
					};
				};
			};
			buildConfigurationList = 38E8D78E2397844B00BB2FCD /* Build configuration list for PBXProject "GoHeadlines" */;
			compatibilityVersion = "Xcode 9.3";
			developmentRegion = en;
			hasScannedForEncodings = 0;
			knownRegions = (
				en,
				Base,
			);
			mainGroup = 38E8D78A2397844B00BB2FCD;
			productRefGroup = 38E8D7942397844B00BB2FCD /* Products */;
			projectDirPath = "";
			projectRoot = "";
			targets = (
				38E8D7922397844B00BB2FCD /* GoHeadlines */,
			);
		};
/* End PBXProject section */

/* Begin PBXResourcesBuildPhase section */
		38E8D7912397844B00BB2FCD /* Resources */ = {
			isa = PBXResourcesBuildPhase;
			buildActionMask = 2147483647;
			files = (
				38E8D7A62397844C00BB2FCD /* LaunchScreen.storyboard in Resources */,
				38E8D7A32397844C00BB2FCD /* Preview Assets.xcassets in Resources */,
				387309E823A9F56100789565 /* README.md in Resources */,
				38E8D7A02397844C00BB2FCD /* Assets.xcassets in Resources */,
			);
			runOnlyForDeploymentPostprocessing = 0;
		};
/* End PBXResourcesBuildPhase section */

/* Begin PBXSourcesBuildPhase section */
		38E8D78F2397844B00BB2FCD /* Sources */ = {
			isa = PBXSourcesBuildPhase;
			buildActionMask = 2147483647;
			files = (
				38E8D7C223A0A6CB00BB2FCD /* ArticleEntity+CoreDataProperties.swift in Sources */,
				38E8D79C2397844B00BB2FCD /* GoHeadlines.xcdatamodeld in Sources */,
				38E8D7C823A0A6CB00BB2FCD /* NewStoriesEntity+CoreDataProperties.swift in Sources */,
				38E8D7C323A0A6CB00BB2FCD /* SourceElementEntity+CoreDataClass.swift in Sources */,
				38E8D7C723A0A6CB00BB2FCD /* NewStoriesEntity+CoreDataClass.swift in Sources */,
				38E8D7D023A0BBEB00BB2FCD /* SettingEntity+CoreDataProperties.swift in Sources */,
				3806CC4323A74852007CDF23 /* UtilView.swift in Sources */,
				38E8D7CF23A0BBEB00BB2FCD /* SettingEntity+CoreDataClass.swift in Sources */,
				38E8D7B12398D05100BB2FCD /* NewsApi.swift in Sources */,
				38E8D7972397844B00BB2FCD /* AppDelegate.swift in Sources */,
				38E8D7BF23A0A6CB00BB2FCD /* SourcesEntity+CoreDataClass.swift in Sources */,
				38E8D7C423A0A6CB00BB2FCD /* SourceElementEntity+CoreDataProperties.swift in Sources */,
				38E8D7CA23A0A89F00BB2FCD /* StoryNav.swift in Sources */,
				38E8D7CC23A0B5FC00BB2FCD /* StoryView.swift in Sources */,
				38E8D7B42398D59400BB2FCD /* SettingView.swift in Sources */,
				38E8D7C523A0A6CB00BB2FCD /* SourceEntity+CoreDataClass.swift in Sources */,
				38E8D7C623A0A6CB00BB2FCD /* SourceEntity+CoreDataProperties.swift in Sources */,
				38E8D79E2397844B00BB2FCD /* ContentView.swift in Sources */,
				38E8D7C023A0A6CB00BB2FCD /* SourcesEntity+CoreDataProperties.swift in Sources */,
				38E8D7AF23978B5E00BB2FCD /* Pojo.swift in Sources */,
				38E8D7992397844B00BB2FCD /* SceneDelegate.swift in Sources */,
				38E8D7C123A0A6CB00BB2FCD /* ArticleEntity+CoreDataClass.swift in Sources */,
			);
			runOnlyForDeploymentPostprocessing = 0;
		};
/* End PBXSourcesBuildPhase section */

/* Begin PBXVariantGroup section */
		38E8D7A42397844C00BB2FCD /* LaunchScreen.storyboard */ = {
			isa = PBXVariantGroup;
			children = (
				38E8D7A52397844C00BB2FCD /* Base */,
			);
			name = LaunchScreen.storyboard;
			sourceTree = "<group>";
		};
/* End PBXVariantGroup section */

/* Begin XCBuildConfiguration section */
		38E8D7A82397844C00BB2FCD /* Debug */ = {
			isa = XCBuildConfiguration;
			buildSettings = {
				ALWAYS_SEARCH_USER_PATHS = NO;
				CLANG_ANALYZER_NONNULL = YES;
				CLANG_ANALYZER_NUMBER_OBJECT_CONVERSION = YES_AGGRESSIVE;
				CLANG_CXX_LANGUAGE_STANDARD = "gnu++14";
				CLANG_CXX_LIBRARY = "libc++";
				CLANG_ENABLE_MODULES = YES;
				CLANG_ENABLE_OBJC_ARC = YES;
				CLANG_ENABLE_OBJC_WEAK = YES;
				CLANG_WARN_BLOCK_CAPTURE_AUTORELEASING = YES;
				CLANG_WARN_BOOL_CONVERSION = YES;
				CLANG_WARN_COMMA = YES;
				CLANG_WARN_CONSTANT_CONVERSION = YES;
				CLANG_WARN_DEPRECATED_OBJC_IMPLEMENTATIONS = YES;
				CLANG_WARN_DIRECT_OBJC_ISA_USAGE = YES_ERROR;
				CLANG_WARN_DOCUMENTATION_COMMENTS = YES;
				CLANG_WARN_EMPTY_BODY = YES;
				CLANG_WARN_ENUM_CONVERSION = YES;
				CLANG_WARN_INFINITE_RECURSION = YES;
				CLANG_WARN_INT_CONVERSION = YES;
				CLANG_WARN_NON_LITERAL_NULL_CONVERSION = YES;
				CLANG_WARN_OBJC_IMPLICIT_RETAIN_SELF = YES;
				CLANG_WARN_OBJC_LITERAL_CONVERSION = YES;
				CLANG_WARN_OBJC_ROOT_CLASS = YES_ERROR;
				CLANG_WARN_RANGE_LOOP_ANALYSIS = YES;
				CLANG_WARN_STRICT_PROTOTYPES = YES;
				CLANG_WARN_SUSPICIOUS_MOVE = YES;
				CLANG_WARN_UNGUARDED_AVAILABILITY = YES_AGGRESSIVE;
				CLANG_WARN_UNREACHABLE_CODE = YES;
				CLANG_WARN__DUPLICATE_METHOD_MATCH = YES;
				COPY_PHASE_STRIP = NO;
				DEBUG_INFORMATION_FORMAT = dwarf;
				ENABLE_STRICT_OBJC_MSGSEND = YES;
				ENABLE_TESTABILITY = YES;
				GCC_C_LANGUAGE_STANDARD = gnu11;
				GCC_DYNAMIC_NO_PIC = NO;
				GCC_NO_COMMON_BLOCKS = YES;
				GCC_OPTIMIZATION_LEVEL = 0;
				GCC_PREPROCESSOR_DEFINITIONS = (
					"DEBUG=1",
					"$(inherited)",
				);
				GCC_WARN_64_TO_32_BIT_CONVERSION = YES;
				GCC_WARN_ABOUT_RETURN_TYPE = YES_ERROR;
				GCC_WARN_UNDECLARED_SELECTOR = YES;
				GCC_WARN_UNINITIALIZED_AUTOS = YES_AGGRESSIVE;
				GCC_WARN_UNUSED_FUNCTION = YES;
				GCC_WARN_UNUSED_VARIABLE = YES;
				IPHONEOS_DEPLOYMENT_TARGET = 13.2;
				MTL_ENABLE_DEBUG_INFO = INCLUDE_SOURCE;
				MTL_FAST_MATH = YES;
				ONLY_ACTIVE_ARCH = YES;
				SDKROOT = iphoneos;
				SWIFT_ACTIVE_COMPILATION_CONDITIONS = DEBUG;
				SWIFT_OPTIMIZATION_LEVEL = "-Onone";
			};
			name = Debug;
		};
		38E8D7A92397844C00BB2FCD /* Release */ = {
			isa = XCBuildConfiguration;
			buildSettings = {
				ALWAYS_SEARCH_USER_PATHS = NO;
				CLANG_ANALYZER_NONNULL = YES;
				CLANG_ANALYZER_NUMBER_OBJECT_CONVERSION = YES_AGGRESSIVE;
				CLANG_CXX_LANGUAGE_STANDARD = "gnu++14";
				CLANG_CXX_LIBRARY = "libc++";
				CLANG_ENABLE_MODULES = YES;
				CLANG_ENABLE_OBJC_ARC = YES;
				CLANG_ENABLE_OBJC_WEAK = YES;
				CLANG_WARN_BLOCK_CAPTURE_AUTORELEASING = YES;
				CLANG_WARN_BOOL_CONVERSION = YES;
				CLANG_WARN_COMMA = YES;
				CLANG_WARN_CONSTANT_CONVERSION = YES;
				CLANG_WARN_DEPRECATED_OBJC_IMPLEMENTATIONS = YES;
				CLANG_WARN_DIRECT_OBJC_ISA_USAGE = YES_ERROR;
				CLANG_WARN_DOCUMENTATION_COMMENTS = YES;
				CLANG_WARN_EMPTY_BODY = YES;
				CLANG_WARN_ENUM_CONVERSION = YES;
				CLANG_WARN_INFINITE_RECURSION = YES;
				CLANG_WARN_INT_CONVERSION = YES;
				CLANG_WARN_NON_LITERAL_NULL_CONVERSION = YES;
				CLANG_WARN_OBJC_IMPLICIT_RETAIN_SELF = YES;
				CLANG_WARN_OBJC_LITERAL_CONVERSION = YES;
				CLANG_WARN_OBJC_ROOT_CLASS = YES_ERROR;
				CLANG_WARN_RANGE_LOOP_ANALYSIS = YES;
				CLANG_WARN_STRICT_PROTOTYPES = YES;
				CLANG_WARN_SUSPICIOUS_MOVE = YES;
				CLANG_WARN_UNGUARDED_AVAILABILITY = YES_AGGRESSIVE;
				CLANG_WARN_UNREACHABLE_CODE = YES;
				CLANG_WARN__DUPLICATE_METHOD_MATCH = YES;
				COPY_PHASE_STRIP = NO;
				DEBUG_INFORMATION_FORMAT = "dwarf-with-dsym";
				ENABLE_NS_ASSERTIONS = NO;
				ENABLE_STRICT_OBJC_MSGSEND = YES;
				GCC_C_LANGUAGE_STANDARD = gnu11;
				GCC_NO_COMMON_BLOCKS = YES;
				GCC_WARN_64_TO_32_BIT_CONVERSION = YES;
				GCC_WARN_ABOUT_RETURN_TYPE = YES_ERROR;
				GCC_WARN_UNDECLARED_SELECTOR = YES;
				GCC_WARN_UNINITIALIZED_AUTOS = YES_AGGRESSIVE;
				GCC_WARN_UNUSED_FUNCTION = YES;
				GCC_WARN_UNUSED_VARIABLE = YES;
				IPHONEOS_DEPLOYMENT_TARGET = 13.2;
				MTL_ENABLE_DEBUG_INFO = NO;
				MTL_FAST_MATH = YES;
				SDKROOT = iphoneos;
				SWIFT_COMPILATION_MODE = wholemodule;
				SWIFT_OPTIMIZATION_LEVEL = "-O";
				VALIDATE_PRODUCT = YES;
			};
			name = Release;
		};
		38E8D7AB2397844C00BB2FCD /* Debug */ = {
			isa = XCBuildConfiguration;
			buildSettings = {
				ASSETCATALOG_COMPILER_APPICON_NAME = AppIcon;
				CODE_SIGN_STYLE = Automatic;
				DEVELOPMENT_ASSET_PATHS = "\"GoHeadlines/Preview Content\"";
				ENABLE_PREVIEWS = YES;
				INFOPLIST_FILE = GoHeadlines/Info.plist;
				LD_RUNPATH_SEARCH_PATHS = (
					"$(inherited)",
					"@executable_path/Frameworks",
				);
				PRODUCT_BUNDLE_IDENTIFIER = "Manogna-Podishetty.GoHeadlines";
				PRODUCT_NAME = "$(TARGET_NAME)";
				SWIFT_VERSION = 5.0;
				TARGETED_DEVICE_FAMILY = "1,2";
			};
			name = Debug;
		};
		38E8D7AC2397844C00BB2FCD /* Release */ = {
			isa = XCBuildConfiguration;
			buildSettings = {
				ASSETCATALOG_COMPILER_APPICON_NAME = AppIcon;
				CODE_SIGN_STYLE = Automatic;
				DEVELOPMENT_ASSET_PATHS = "\"GoHeadlines/Preview Content\"";
				ENABLE_PREVIEWS = YES;
				INFOPLIST_FILE = GoHeadlines/Info.plist;
				LD_RUNPATH_SEARCH_PATHS = (
					"$(inherited)",
					"@executable_path/Frameworks",
				);
				PRODUCT_BUNDLE_IDENTIFIER = "Manogna-Podishetty.GoHeadlines";
				PRODUCT_NAME = "$(TARGET_NAME)";
				SWIFT_VERSION = 5.0;
				TARGETED_DEVICE_FAMILY = "1,2";
			};
			name = Release;
		};
/* End XCBuildConfiguration section */

/* Begin XCConfigurationList section */
		38E8D78E2397844B00BB2FCD /* Build configuration list for PBXProject "GoHeadlines" */ = {
			isa = XCConfigurationList;
			buildConfigurations = (
				38E8D7A82397844C00BB2FCD /* Debug */,
				38E8D7A92397844C00BB2FCD /* Release */,
			);
			defaultConfigurationIsVisible = 0;
			defaultConfigurationName = Release;
		};
		38E8D7AA2397844C00BB2FCD /* Build configuration list for PBXNativeTarget "GoHeadlines" */ = {
			isa = XCConfigurationList;
			buildConfigurations = (
				38E8D7AB2397844C00BB2FCD /* Debug */,
				38E8D7AC2397844C00BB2FCD /* Release */,
			);
			defaultConfigurationIsVisible = 0;
			defaultConfigurationName = Release;
		};
/* End XCConfigurationList section */

/* Begin XCVersionGroup section */
		38E8D79A2397844B00BB2FCD /* GoHeadlines.xcdatamodeld */ = {
			isa = XCVersionGroup;
			children = (
				38E8D79B2397844B00BB2FCD /* GoHeadlines.xcdatamodel */,
			);
			currentVersion = 38E8D79B2397844B00BB2FCD /* GoHeadlines.xcdatamodel */;
			path = GoHeadlines.xcdatamodeld;
			sourceTree = "<group>";
			versionGroupType = wrapper.xcdatamodel;
		};
/* End XCVersionGroup section */
	};
	rootObject = 38E8D78B2397844B00BB2FCD /* Project object */;
}
